// !$*UTF8*$!
{
	archiveVersion = 1;
	classes = {
	};
	objectVersion = 56;
	objects = {

/* Begin PBXBuildFile section */
		782E8C4C2CCCAF0100C8CB15 /* ViewController.swift in Sources */ = {isa = PBXBuildFile; fileRef = 782E8C4B2CCCAF0100C8CB15 /* ViewController.swift */; };
		782E8C4E2CCCAF0900C8CB15 /* SceneDelegate.swift in Sources */ = {isa = PBXBuildFile; fileRef = 782E8C4D2CCCAF0900C8CB15 /* SceneDelegate.swift */; };
		782E8C512CCCB51900C8CB15 /* ChartCell.swift in Sources */ = {isa = PBXBuildFile; fileRef = 782E8C502CCCB51900C8CB15 /* ChartCell.swift */; };
		782E8C532CCCB5C500C8CB15 /* tableViewController.swift in Sources */ = {isa = PBXBuildFile; fileRef = 782E8C522CCCB5C500C8CB15 /* tableViewController.swift */; };
		782E8C552CCCB60D00C8CB15 /* tableviewApp.swift in Sources */ = {isa = PBXBuildFile; fileRef = 782E8C542CCCB60D00C8CB15 /* tableviewApp.swift */; };
		782E8C592CCCC6FA00C8CB15 /* PhotoViewController.swift in Sources */ = {isa = PBXBuildFile; fileRef = 782E8C582CCCC6FA00C8CB15 /* PhotoViewController.swift */; };
		782E8C5B2CCCC76900C8CB15 /* PhotoModel.swift in Sources */ = {isa = PBXBuildFile; fileRef = 782E8C5A2CCCC76900C8CB15 /* PhotoModel.swift */; };
		782E8C5D2CCCC78700C8CB15 /* PhotoCell.swift in Sources */ = {isa = PBXBuildFile; fileRef = 782E8C5C2CCCC78700C8CB15 /* PhotoCell.swift */; };
		78E6CF3B2CBA5C53001CEDCE /* AppDelegate.swift in Sources */ = {isa = PBXBuildFile; fileRef = 78E6CF3A2CBA5C53001CEDCE /* AppDelegate.swift */; };
		78E6CF442CBA5C54001CEDCE /* Assets.xcassets in Resources */ = {isa = PBXBuildFile; fileRef = 78E6CF432CBA5C54001CEDCE /* Assets.xcassets */; };
		78E6CF472CBA5C54001CEDCE /* LaunchScreen.storyboard in Resources */ = {isa = PBXBuildFile; fileRef = 78E6CF452CBA5C54001CEDCE /* LaunchScreen.storyboard */; };
		78E6CF532CBA5D13001CEDCE /* DetailViewController.swift in Sources */ = {isa = PBXBuildFile; fileRef = 78E6CF522CBA5D13001CEDCE /* DetailViewController.swift */; };
		78E6CF572CBA5D5D001CEDCE /* SnapKit in Frameworks */ = {isa = PBXBuildFile; productRef = 78E6CF562CBA5D5D001CEDCE /* SnapKit */; };
		78E6CF592CBA5E1C001CEDCE /* TossViewcontroller.swift in Sources */ = {isa = PBXBuildFile; fileRef = 78E6CF582CBA5E1C001CEDCE /* TossViewcontroller.swift */; };
		78E6CF5C2CBA5EAE001CEDCE /* Then in Frameworks */ = {isa = PBXBuildFile; productRef = 78E6CF5B2CBA5EAE001CEDCE /* Then */; };
/* End PBXBuildFile section */

/* Begin PBXFileReference section */
		782E8C4B2CCCAF0100C8CB15 /* ViewController.swift */ = {isa = PBXFileReference; fileEncoding = 4; lastKnownFileType = sourcecode.swift; path = ViewController.swift; sourceTree = "<group>"; };
		782E8C4D2CCCAF0900C8CB15 /* SceneDelegate.swift */ = {isa = PBXFileReference; fileEncoding = 4; lastKnownFileType = sourcecode.swift; path = SceneDelegate.swift; sourceTree = "<group>"; };
		782E8C502CCCB51900C8CB15 /* ChartCell.swift */ = {isa = PBXFileReference; lastKnownFileType = sourcecode.swift; path = ChartCell.swift; sourceTree = "<group>"; };
		782E8C522CCCB5C500C8CB15 /* tableViewController.swift */ = {isa = PBXFileReference; lastKnownFileType = sourcecode.swift; path = tableViewController.swift; sourceTree = "<group>"; };
		782E8C542CCCB60D00C8CB15 /* tableviewApp.swift */ = {isa = PBXFileReference; lastKnownFileType = sourcecode.swift; path = tableviewApp.swift; sourceTree = "<group>"; };
		782E8C582CCCC6FA00C8CB15 /* PhotoViewController.swift */ = {isa = PBXFileReference; lastKnownFileType = sourcecode.swift; path = PhotoViewController.swift; sourceTree = "<group>"; };
		782E8C5A2CCCC76900C8CB15 /* PhotoModel.swift */ = {isa = PBXFileReference; lastKnownFileType = sourcecode.swift; path = PhotoModel.swift; sourceTree = "<group>"; };
		782E8C5C2CCCC78700C8CB15 /* PhotoCell.swift */ = {isa = PBXFileReference; lastKnownFileType = sourcecode.swift; path = PhotoCell.swift; sourceTree = "<group>"; };
		78E6CF372CBA5C53001CEDCE /* 35thSeminaaaa.app */ = {isa = PBXFileReference; explicitFileType = wrapper.application; includeInIndex = 0; path = 35thSeminaaaa.app; sourceTree = BUILT_PRODUCTS_DIR; };
		78E6CF3A2CBA5C53001CEDCE /* AppDelegate.swift */ = {isa = PBXFileReference; lastKnownFileType = sourcecode.swift; path = AppDelegate.swift; sourceTree = "<group>"; };
		78E6CF432CBA5C54001CEDCE /* Assets.xcassets */ = {isa = PBXFileReference; lastKnownFileType = folder.assetcatalog; path = Assets.xcassets; sourceTree = "<group>"; };
		78E6CF462CBA5C54001CEDCE /* Base */ = {isa = PBXFileReference; lastKnownFileType = file.storyboard; name = Base; path = Base.lproj/LaunchScreen.storyboard; sourceTree = "<group>"; };
		78E6CF482CBA5C54001CEDCE /* Info.plist */ = {isa = PBXFileReference; lastKnownFileType = text.plist.xml; path = Info.plist; sourceTree = "<group>"; };
		78E6CF522CBA5D13001CEDCE /* DetailViewController.swift */ = {isa = PBXFileReference; fileEncoding = 4; lastKnownFileType = sourcecode.swift; path = DetailViewController.swift; sourceTree = "<group>"; };
		78E6CF582CBA5E1C001CEDCE /* TossViewcontroller.swift */ = {isa = PBXFileReference; lastKnownFileType = sourcecode.swift; path = TossViewcontroller.swift; sourceTree = "<group>"; };
/* End PBXFileReference section */

/* Begin PBXFrameworksBuildPhase section */
		78E6CF342CBA5C53001CEDCE /* Frameworks */ = {
			isa = PBXFrameworksBuildPhase;
			buildActionMask = 2147483647;
			files = (
				78E6CF572CBA5D5D001CEDCE /* SnapKit in Frameworks */,
				78E6CF5C2CBA5EAE001CEDCE /* Then in Frameworks */,
			);
			runOnlyForDeploymentPostprocessing = 0;
		};
/* End PBXFrameworksBuildPhase section */

/* Begin PBXGroup section */
		782E8C4F2CCCB50A00C8CB15 /* New Group */ = {
			isa = PBXGroup;
			children = (
			);
			path = "New Group";
			sourceTree = "<group>";
		};
		782E8C562CCCB61D00C8CB15 /* TableView */ = {
			isa = PBXGroup;
			children = (
				782E8C502CCCB51900C8CB15 /* ChartCell.swift */,
				782E8C522CCCB5C500C8CB15 /* tableViewController.swift */,
				782E8C542CCCB60D00C8CB15 /* tableviewApp.swift */,
			);
			path = TableView;
			sourceTree = "<group>";
		};
		782E8C572CCCC6EB00C8CB15 /* CollectionView */ = {
			isa = PBXGroup;
			children = (
				782E8C582CCCC6FA00C8CB15 /* PhotoViewController.swift */,
				782E8C5A2CCCC76900C8CB15 /* PhotoModel.swift */,
				782E8C5C2CCCC78700C8CB15 /* PhotoCell.swift */,
			);
			path = CollectionView;
			sourceTree = "<group>";
		};
		78E6CF2E2CBA5C53001CEDCE = {
			isa = PBXGroup;
			children = (
				78E6CF392CBA5C53001CEDCE /* 35thSeminaaaa */,
				78E6CF382CBA5C53001CEDCE /* Products */,
			);
			sourceTree = "<group>";
		};
		78E6CF382CBA5C53001CEDCE /* Products */ = {
			isa = PBXGroup;
			children = (
				78E6CF372CBA5C53001CEDCE /* 35thSeminaaaa.app */,
			);
			name = Products;
			sourceTree = "<group>";
		};
		78E6CF392CBA5C53001CEDCE /* 35thSeminaaaa */ = {
			isa = PBXGroup;
			children = (
				782E8C4F2CCCB50A00C8CB15 /* New Group */,
				78E6CF5D2CBA5EC3001CEDCE /* Practice */,
				78E6CF542CBA5D44001CEDCE /* assignment */,
				78E6CF3A2CBA5C53001CEDCE /* AppDelegate.swift */,
				782E8C4D2CCCAF0900C8CB15 /* SceneDelegate.swift */,
				782E8C4B2CCCAF0100C8CB15 /* ViewController.swift */,
				78E6CF432CBA5C54001CEDCE /* Assets.xcassets */,
				78E6CF452CBA5C54001CEDCE /* LaunchScreen.storyboard */,
				78E6CF482CBA5C54001CEDCE /* Info.plist */,
			);
			path = 35thSeminaaaa;
			sourceTree = "<group>";
		};
		78E6CF542CBA5D44001CEDCE /* assignment */ = {
			isa = PBXGroup;
			children = (
				78E6CF582CBA5E1C001CEDCE /* TossViewcontroller.swift */,
			);
			path = assignment;
			sourceTree = "<group>";
		};
		78E6CF5D2CBA5EC3001CEDCE /* Practice */ = {
			isa = PBXGroup;
			children = (
				782E8C572CCCC6EB00C8CB15 /* CollectionView */,
				782E8C562CCCB61D00C8CB15 /* TableView */,
				78E6CF522CBA5D13001CEDCE /* DetailViewController.swift */,
			);
			path = Practice;
			sourceTree = "<group>";
		};
/* End PBXGroup section */

/* Begin PBXNativeTarget section */
		78E6CF362CBA5C53001CEDCE /* 35thSeminaaaa */ = {
			isa = PBXNativeTarget;
			buildConfigurationList = 78E6CF4B2CBA5C54001CEDCE /* Build configuration list for PBXNativeTarget "35thSeminaaaa" */;
			buildPhases = (
				78E6CF332CBA5C53001CEDCE /* Sources */,
				78E6CF342CBA5C53001CEDCE /* Frameworks */,
				78E6CF352CBA5C53001CEDCE /* Resources */,
			);
			buildRules = (
			);
			dependencies = (
			);
			name = 35thSeminaaaa;
			packageProductDependencies = (
				78E6CF562CBA5D5D001CEDCE /* SnapKit */,
				78E6CF5B2CBA5EAE001CEDCE /* Then */,
			);
			productName = 35thSeminaaaa;
			productReference = 78E6CF372CBA5C53001CEDCE /* 35thSeminaaaa.app */;
			productType = "com.apple.product-type.application";
		};
/* End PBXNativeTarget section */

/* Begin PBXProject section */
		78E6CF2F2CBA5C53001CEDCE /* Project object */ = {
			isa = PBXProject;
			attributes = {
				BuildIndependentTargetsInParallel = 1;
				LastSwiftUpdateCheck = 1510;
				LastUpgradeCheck = 1510;
				TargetAttributes = {
					78E6CF362CBA5C53001CEDCE = {
						CreatedOnToolsVersion = 15.1;
					};
				};
			};
			buildConfigurationList = 78E6CF322CBA5C53001CEDCE /* Build configuration list for PBXProject "35thSeminaaaa" */;
			compatibilityVersion = "Xcode 14.0";
			developmentRegion = en;
			hasScannedForEncodings = 0;
			knownRegions = (
				en,
				Base,
			);
			mainGroup = 78E6CF2E2CBA5C53001CEDCE;
			packageReferences = (
				78E6CF552CBA5D5D001CEDCE /* XCRemoteSwiftPackageReference "SnapKit" */,
				78E6CF5A2CBA5EAE001CEDCE /* XCRemoteSwiftPackageReference "Then" */,
			);
			productRefGroup = 78E6CF382CBA5C53001CEDCE /* Products */;
			projectDirPath = "";
			projectRoot = "";
			targets = (
				78E6CF362CBA5C53001CEDCE /* 35thSeminaaaa */,
			);
		};
/* End PBXProject section */

/* Begin PBXResourcesBuildPhase section */
		78E6CF352CBA5C53001CEDCE /* Resources */ = {
			isa = PBXResourcesBuildPhase;
			buildActionMask = 2147483647;
			files = (
				78E6CF472CBA5C54001CEDCE /* LaunchScreen.storyboard in Resources */,
				78E6CF442CBA5C54001CEDCE /* Assets.xcassets in Resources */,
			);
			runOnlyForDeploymentPostprocessing = 0;
		};
/* End PBXResourcesBuildPhase section */

/* Begin PBXSourcesBuildPhase section */
		78E6CF332CBA5C53001CEDCE /* Sources */ = {
			isa = PBXSourcesBuildPhase;
			buildActionMask = 2147483647;
			files = (
				782E8C592CCCC6FA00C8CB15 /* PhotoViewController.swift in Sources */,
				78E6CF3B2CBA5C53001CEDCE /* AppDelegate.swift in Sources */,
				782E8C552CCCB60D00C8CB15 /* tableviewApp.swift in Sources */,
				782E8C4C2CCCAF0100C8CB15 /* ViewController.swift in Sources */,
				78E6CF592CBA5E1C001CEDCE /* TossViewcontroller.swift in Sources */,
				78E6CF532CBA5D13001CEDCE /* DetailViewController.swift in Sources */,
				782E8C532CCCB5C500C8CB15 /* tableViewController.swift in Sources */,
				782E8C4E2CCCAF0900C8CB15 /* SceneDelegate.swift in Sources */,
				782E8C5B2CCCC76900C8CB15 /* PhotoModel.swift in Sources */,
				782E8C5D2CCCC78700C8CB15 /* PhotoCell.swift in Sources */,
				782E8C512CCCB51900C8CB15 /* ChartCell.swift in Sources */,
			);
			runOnlyForDeploymentPostprocessing = 0;
		};
/* End PBXSourcesBuildPhase section */

/* Begin PBXVariantGroup section */
		78E6CF452CBA5C54001CEDCE /* LaunchScreen.storyboard */ = {
			isa = PBXVariantGroup;
			children = (
				78E6CF462CBA5C54001CEDCE /* Base */,
			);
			name = LaunchScreen.storyboard;
			sourceTree = "<group>";
		};
/* End PBXVariantGroup section */

/* Begin XCBuildConfiguration section */
		78E6CF492CBA5C54001CEDCE /* Debug */ = {
			isa = XCBuildConfiguration;
			buildSettings = {
				ALWAYS_SEARCH_USER_PATHS = NO;
				ASSETCATALOG_COMPILER_GENERATE_SWIFT_ASSET_SYMBOL_EXTENSIONS = YES;
				CLANG_ANALYZER_NONNULL = YES;
				CLANG_ANALYZER_NUMBER_OBJECT_CONVERSION = YES_AGGRESSIVE;
				CLANG_CXX_LANGUAGE_STANDARD = "gnu++20";
				CLANG_ENABLE_MODULES = YES;
				CLANG_ENABLE_OBJC_ARC = YES;
				CLANG_ENABLE_OBJC_WEAK = YES;
				CLANG_WARN_BLOCK_CAPTURE_AUTORELEASING = YES;
				CLANG_WARN_BOOL_CONVERSION = YES;
				CLANG_WARN_COMMA = YES;
				CLANG_WARN_CONSTANT_CONVERSION = YES;
				CLANG_WARN_DEPRECATED_OBJC_IMPLEMENTATIONS = YES;
				CLANG_WARN_DIRECT_OBJC_ISA_USAGE = YES_ERROR;
				CLANG_WARN_DOCUMENTATION_COMMENTS = YES;
				CLANG_WARN_EMPTY_BODY = YES;
				CLANG_WARN_ENUM_CONVERSION = YES;
				CLANG_WARN_INFINITE_RECURSION = YES;
				CLANG_WARN_INT_CONVERSION = YES;
				CLANG_WARN_NON_LITERAL_NULL_CONVERSION = YES;
				CLANG_WARN_OBJC_IMPLICIT_RETAIN_SELF = YES;
				CLANG_WARN_OBJC_LITERAL_CONVERSION = YES;
				CLANG_WARN_OBJC_ROOT_CLASS = YES_ERROR;
				CLANG_WARN_QUOTED_INCLUDE_IN_FRAMEWORK_HEADER = YES;
				CLANG_WARN_RANGE_LOOP_ANALYSIS = YES;
				CLANG_WARN_STRICT_PROTOTYPES = YES;
				CLANG_WARN_SUSPICIOUS_MOVE = YES;
				CLANG_WARN_UNGUARDED_AVAILABILITY = YES_AGGRESSIVE;
				CLANG_WARN_UNREACHABLE_CODE = YES;
				CLANG_WARN__DUPLICATE_METHOD_MATCH = YES;
				COPY_PHASE_STRIP = NO;
				DEBUG_INFORMATION_FORMAT = dwarf;
				ENABLE_STRICT_OBJC_MSGSEND = YES;
				ENABLE_TESTABILITY = YES;
				ENABLE_USER_SCRIPT_SANDBOXING = YES;
				GCC_C_LANGUAGE_STANDARD = gnu17;
				GCC_DYNAMIC_NO_PIC = NO;
				GCC_NO_COMMON_BLOCKS = YES;
				GCC_OPTIMIZATION_LEVEL = 0;
				GCC_PREPROCESSOR_DEFINITIONS = (
					"DEBUG=1",
					"$(inherited)",
				);
				GCC_WARN_64_TO_32_BIT_CONVERSION = YES;
				GCC_WARN_ABOUT_RETURN_TYPE = YES_ERROR;
				GCC_WARN_UNDECLARED_SELECTOR = YES;
				GCC_WARN_UNINITIALIZED_AUTOS = YES_AGGRESSIVE;
				GCC_WARN_UNUSED_FUNCTION = YES;
				GCC_WARN_UNUSED_VARIABLE = YES;
				IPHONEOS_DEPLOYMENT_TARGET = 17.2;
				LOCALIZATION_PREFERS_STRING_CATALOGS = YES;
				MTL_ENABLE_DEBUG_INFO = INCLUDE_SOURCE;
				MTL_FAST_MATH = YES;
				ONLY_ACTIVE_ARCH = YES;
				SDKROOT = iphoneos;
				SWIFT_ACTIVE_COMPILATION_CONDITIONS = "DEBUG $(inherited)";
				SWIFT_OPTIMIZATION_LEVEL = "-Onone";
			};
			name = Debug;
		};
		78E6CF4A2CBA5C54001CEDCE /* Release */ = {
			isa = XCBuildConfiguration;
			buildSettings = {
				ALWAYS_SEARCH_USER_PATHS = NO;
				ASSETCATALOG_COMPILER_GENERATE_SWIFT_ASSET_SYMBOL_EXTENSIONS = YES;
				CLANG_ANALYZER_NONNULL = YES;
				CLANG_ANALYZER_NUMBER_OBJECT_CONVERSION = YES_AGGRESSIVE;
				CLANG_CXX_LANGUAGE_STANDARD = "gnu++20";
				CLANG_ENABLE_MODULES = YES;
				CLANG_ENABLE_OBJC_ARC = YES;
				CLANG_ENABLE_OBJC_WEAK = YES;
				CLANG_WARN_BLOCK_CAPTURE_AUTORELEASING = YES;
				CLANG_WARN_BOOL_CONVERSION = YES;
				CLANG_WARN_COMMA = YES;
				CLANG_WARN_CONSTANT_CONVERSION = YES;
				CLANG_WARN_DEPRECATED_OBJC_IMPLEMENTATIONS = YES;
				CLANG_WARN_DIRECT_OBJC_ISA_USAGE = YES_ERROR;
				CLANG_WARN_DOCUMENTATION_COMMENTS = YES;
				CLANG_WARN_EMPTY_BODY = YES;
				CLANG_WARN_ENUM_CONVERSION = YES;
				CLANG_WARN_INFINITE_RECURSION = YES;
				CLANG_WARN_INT_CONVERSION = YES;
				CLANG_WARN_NON_LITERAL_NULL_CONVERSION = YES;
				CLANG_WARN_OBJC_IMPLICIT_RETAIN_SELF = YES;
				CLANG_WARN_OBJC_LITERAL_CONVERSION = YES;
				CLANG_WARN_OBJC_ROOT_CLASS = YES_ERROR;
				CLANG_WARN_QUOTED_INCLUDE_IN_FRAMEWORK_HEADER = YES;
				CLANG_WARN_RANGE_LOOP_ANALYSIS = YES;
				CLANG_WARN_STRICT_PROTOTYPES = YES;
				CLANG_WARN_SUSPICIOUS_MOVE = YES;
				CLANG_WARN_UNGUARDED_AVAILABILITY = YES_AGGRESSIVE;
				CLANG_WARN_UNREACHABLE_CODE = YES;
				CLANG_WARN__DUPLICATE_METHOD_MATCH = YES;
				COPY_PHASE_STRIP = NO;
				DEBUG_INFORMATION_FORMAT = "dwarf-with-dsym";
				ENABLE_NS_ASSERTIONS = NO;
				ENABLE_STRICT_OBJC_MSGSEND = YES;
				ENABLE_USER_SCRIPT_SANDBOXING = YES;
				GCC_C_LANGUAGE_STANDARD = gnu17;
				GCC_NO_COMMON_BLOCKS = YES;
				GCC_WARN_64_TO_32_BIT_CONVERSION = YES;
				GCC_WARN_ABOUT_RETURN_TYPE = YES_ERROR;
				GCC_WARN_UNDECLARED_SELECTOR = YES;
				GCC_WARN_UNINITIALIZED_AUTOS = YES_AGGRESSIVE;
				GCC_WARN_UNUSED_FUNCTION = YES;
				GCC_WARN_UNUSED_VARIABLE = YES;
				IPHONEOS_DEPLOYMENT_TARGET = 17.2;
				LOCALIZATION_PREFERS_STRING_CATALOGS = YES;
				MTL_ENABLE_DEBUG_INFO = NO;
				MTL_FAST_MATH = YES;
				SDKROOT = iphoneos;
				SWIFT_COMPILATION_MODE = wholemodule;
				VALIDATE_PRODUCT = YES;
			};
			name = Release;
		};
		78E6CF4C2CBA5C54001CEDCE /* Debug */ = {
			isa = XCBuildConfiguration;
			buildSettings = {
				ASSETCATALOG_COMPILER_APPICON_NAME = AppIcon;
				ASSETCATALOG_COMPILER_GLOBAL_ACCENT_COLOR_NAME = AccentColor;
				CODE_SIGN_STYLE = Automatic;
				CURRENT_PROJECT_VERSION = 1;
				DEVELOPMENT_TEAM = D2DRA3F792;
				GENERATE_INFOPLIST_FILE = YES;
				INFOPLIST_FILE = 35thSeminaaaa/Info.plist;
				INFOPLIST_KEY_UIApplicationSupportsIndirectInputEvents = YES;
				INFOPLIST_KEY_UILaunchStoryboardName = LaunchScreen;
				INFOPLIST_KEY_UISupportedInterfaceOrientations_iPad = "UIInterfaceOrientationPortrait UIInterfaceOrientationPortraitUpsideDown UIInterfaceOrientationLandscapeLeft UIInterfaceOrientationLandscapeRight";
				INFOPLIST_KEY_UISupportedInterfaceOrientations_iPhone = "UIInterfaceOrientationPortrait UIInterfaceOrientationLandscapeLeft UIInterfaceOrientationLandscapeRight";
				LD_RUNPATH_SEARCH_PATHS = (
					"$(inherited)",
					"@executable_path/Frameworks",
				);
				MARKETING_VERSION = 1.0;
				PRODUCT_BUNDLE_IDENTIFIER = "yizihoon.-5thSeminaaaa";
				PRODUCT_NAME = "$(TARGET_NAME)";
				SWIFT_EMIT_LOC_STRINGS = YES;
				SWIFT_VERSION = 5.0;
				TARGETED_DEVICE_FAMILY = "1,2";
			};
			name = Debug;
		};
		78E6CF4D2CBA5C54001CEDCE /* Release */ = {
			isa = XCBuildConfiguration;
			buildSettings = {
				ASSETCATALOG_COMPILER_APPICON_NAME = AppIcon;
				ASSETCATALOG_COMPILER_GLOBAL_ACCENT_COLOR_NAME = AccentColor;
				CODE_SIGN_STYLE = Automatic;
				CURRENT_PROJECT_VERSION = 1;
				DEVELOPMENT_TEAM = D2DRA3F792;
				GENERATE_INFOPLIST_FILE = YES;
				INFOPLIST_FILE = 35thSeminaaaa/Info.plist;
				INFOPLIST_KEY_UIApplicationSupportsIndirectInputEvents = YES;
				INFOPLIST_KEY_UILaunchStoryboardName = LaunchScreen;
				INFOPLIST_KEY_UISupportedInterfaceOrientations_iPad = "UIInterfaceOrientationPortrait UIInterfaceOrientationPortraitUpsideDown UIInterfaceOrientationLandscapeLeft UIInterfaceOrientationLandscapeRight";
				INFOPLIST_KEY_UISupportedInterfaceOrientations_iPhone = "UIInterfaceOrientationPortrait UIInterfaceOrientationLandscapeLeft UIInterfaceOrientationLandscapeRight";
				LD_RUNPATH_SEARCH_PATHS = (
					"$(inherited)",
					"@executable_path/Frameworks",
				);
				MARKETING_VERSION = 1.0;
				PRODUCT_BUNDLE_IDENTIFIER = "yizihoon.-5thSeminaaaa";
				PRODUCT_NAME = "$(TARGET_NAME)";
				SWIFT_EMIT_LOC_STRINGS = YES;
				SWIFT_VERSION = 5.0;
				TARGETED_DEVICE_FAMILY = "1,2";
			};
			name = Release;
		};
/* End XCBuildConfiguration section */

/* Begin XCConfigurationList section */
		78E6CF322CBA5C53001CEDCE /* Build configuration list for PBXProject "35thSeminaaaa" */ = {
			isa = XCConfigurationList;
			buildConfigurations = (
				78E6CF492CBA5C54001CEDCE /* Debug */,
				78E6CF4A2CBA5C54001CEDCE /* Release */,
			);
			defaultConfigurationIsVisible = 0;
			defaultConfigurationName = Release;
		};
		78E6CF4B2CBA5C54001CEDCE /* Build configuration list for PBXNativeTarget "35thSeminaaaa" */ = {
			isa = XCConfigurationList;
			buildConfigurations = (
				78E6CF4C2CBA5C54001CEDCE /* Debug */,
				78E6CF4D2CBA5C54001CEDCE /* Release */,
			);
			defaultConfigurationIsVisible = 0;
			defaultConfigurationName = Release;
		};
/* End XCConfigurationList section */

/* Begin XCRemoteSwiftPackageReference section */
		78E6CF552CBA5D5D001CEDCE /* XCRemoteSwiftPackageReference "SnapKit" */ = {
			isa = XCRemoteSwiftPackageReference;
			repositoryURL = "https://github.com/SnapKit/SnapKit.git";
			requirement = {
				kind = upToNextMajorVersion;
				minimumVersion = 5.7.1;
			};
		};
		78E6CF5A2CBA5EAE001CEDCE /* XCRemoteSwiftPackageReference "Then" */ = {
			isa = XCRemoteSwiftPackageReference;
			repositoryURL = "https://github.com/devxoul/Then.git";
			requirement = {
				kind = upToNextMajorVersion;
				minimumVersion = 3.0.0;
			};
		};
/* End XCRemoteSwiftPackageReference section */

/* Begin XCSwiftPackageProductDependency section */
		78E6CF562CBA5D5D001CEDCE /* SnapKit */ = {
			isa = XCSwiftPackageProductDependency;
			package = 78E6CF552CBA5D5D001CEDCE /* XCRemoteSwiftPackageReference "SnapKit" */;
			productName = SnapKit;
		};
		78E6CF5B2CBA5EAE001CEDCE /* Then */ = {
			isa = XCSwiftPackageProductDependency;
			package = 78E6CF5A2CBA5EAE001CEDCE /* XCRemoteSwiftPackageReference "Then" */;
			productName = Then;
		};
/* End XCSwiftPackageProductDependency section */
	};
	rootObject = 78E6CF2F2CBA5C53001CEDCE /* Project object */;
}
